
Microsoft Visual Studio Solution File, Format Version 12.00
# Visual Studio 15
VisualStudioVersion = 15.0.27004.2009
MinimumVisualStudioVersion = 10.0.40219.1
Project("{9A19103F-16F7-4668-BE54-9A1E7A4F7556}") = "ImageHunt", "ImageHunt\ImageHunt.csproj", "{E421ECAC-1902-4191-B1EF-EA772422F9D7}"
EndProject
Project("{9A19103F-16F7-4668-BE54-9A1E7A4F7556}") = "ImageHuntTest", "ImageHuntTest\ImageHuntTest.csproj", "{FF5ABD78-BD1C-4445-AC23-6A533BF840E0}"
	ProjectSection(ProjectDependencies) = postProject
		{E421ECAC-1902-4191-B1EF-EA772422F9D7} = {E421ECAC-1902-4191-B1EF-EA772422F9D7}
	EndProjectSection
EndProject
Project("{9A19103F-16F7-4668-BE54-9A1E7A4F7556}") = "TestUtilities", "TestUtilities\TestUtilities.csproj", "{BE585CE7-3C60-4429-A697-8B9C53E531FB}"
EndProject
Project("{9A19103F-16F7-4668-BE54-9A1E7A4F7556}") = "ImageHuntWebServiceClient", "ImageHuntWebServiceClient\ImageHuntWebServiceClient.csproj", "{3A221E1A-1DFB-4409-AD7C-E5B16348BC22}"
EndProject
Project("{9A19103F-16F7-4668-BE54-9A1E7A4F7556}") = "ImageHuntWebServiceClientTest", "ImageHuntWebServiceClientTest\ImageHuntWebServiceClientTest.csproj", "{C42E1757-6214-4079-A98C-501D40A39A86}"
EndProject
Project("{2150E333-8FDC-42A3-9474-1A3956D46DE8}") = "Tests", "Tests", "{3177C873-82BA-46F9-9808-43B74B779EA9}"
EndProject
Project("{9A19103F-16F7-4668-BE54-9A1E7A4F7556}") = "ImageHuntApiTester", "ImageHuntApiTester\ImageHuntApiTester.csproj", "{F7733386-A0E2-4258-A3E4-217AE47E52DD}"
EndProject
Project("{9A19103F-16F7-4668-BE54-9A1E7A4F7556}") = "ImageHuntCore", "ImageHuntCore\ImageHuntCore.csproj", "{84EEA0B0-463F-4672-943D-43B669F0FAAC}"
EndProject
Project("{9A19103F-16F7-4668-BE54-9A1E7A4F7556}") = "ImageHuntBotBuilder", "ImagehuntBotBuilder\ImageHuntBotBuilder.csproj", "{7A6F80EC-EBA6-4552-94AD-9A55F9CBC0E1}"
EndProject
Project("{9A19103F-16F7-4668-BE54-9A1E7A4F7556}") = "ImageHuntBotBuilderTest", "ImageHuntBotBuilderTest\ImageHuntBotBuilderTest.csproj", "{C118EBDB-1095-46CD-A2B1-127D614C5C7D}"
EndProject
Project("{2150E333-8FDC-42A3-9474-1A3956D46DE8}") = "Dockerfiles", "Dockerfiles", "{9F4048C3-6CEB-4889-AF58-0F187AF34F82}"
	ProjectSection(SolutionItems) = preProject
		Dockerfile_ImageHuntBotBuilder_Production = Dockerfile_ImageHuntBotBuilder_Production
	EndProjectSection
EndProject
Project("{9A19103F-16F7-4668-BE54-9A1E7A4F7556}") = "ImageHuntCoreTest", "ImageHuntCoreTest\ImageHuntCoreTest.csproj", "{48FB3ABC-F6DA-48CD-86AA-4854FAB97D5A}"
EndProject
Project("{FAE04EC0-301F-11D3-BF4B-00C04F79EFBC}") = "ImageHuntValidatorBot", "ImageHuntValidatorBot\ImageHuntValidatorBot.csproj", "{760FF55E-7C36-4958-A44E-9D7E0FBF23B6}"
EndProject
Project("{FAE04EC0-301F-11D3-BF4B-00C04F79EFBC}") = "ImageHuntBotCore", "ImageHuntBotCore\ImageHuntBotCore.csproj", "{5B94DC2D-D72A-4F94-B64C-B1F354C5932C}"
EndProject
Project("{2150E333-8FDC-42A3-9474-1A3956D46DE8}") = "Bots", "Bots", "{5C8E42A4-A2AE-4D1F-A851-528B5B38A7C4}"
EndProject
Global
	GlobalSection(SolutionConfigurationPlatforms) = preSolution
		Debug|Any CPU = Debug|Any CPU
		Release|Any CPU = Release|Any CPU
	EndGlobalSection
	GlobalSection(ProjectConfigurationPlatforms) = postSolution
		{E421ECAC-1902-4191-B1EF-EA772422F9D7}.Debug|Any CPU.ActiveCfg = Debug|Any CPU
		{E421ECAC-1902-4191-B1EF-EA772422F9D7}.Debug|Any CPU.Build.0 = Debug|Any CPU
		{E421ECAC-1902-4191-B1EF-EA772422F9D7}.Release|Any CPU.ActiveCfg = Release|Any CPU
		{E421ECAC-1902-4191-B1EF-EA772422F9D7}.Release|Any CPU.Build.0 = Release|Any CPU
		{FF5ABD78-BD1C-4445-AC23-6A533BF840E0}.Debug|Any CPU.ActiveCfg = Debug|Any CPU
		{FF5ABD78-BD1C-4445-AC23-6A533BF840E0}.Debug|Any CPU.Build.0 = Debug|Any CPU
		{FF5ABD78-BD1C-4445-AC23-6A533BF840E0}.Release|Any CPU.ActiveCfg = Release|Any CPU
		{FF5ABD78-BD1C-4445-AC23-6A533BF840E0}.Release|Any CPU.Build.0 = Release|Any CPU
		{BE585CE7-3C60-4429-A697-8B9C53E531FB}.Debug|Any CPU.ActiveCfg = Debug|Any CPU
		{BE585CE7-3C60-4429-A697-8B9C53E531FB}.Debug|Any CPU.Build.0 = Debug|Any CPU
		{BE585CE7-3C60-4429-A697-8B9C53E531FB}.Release|Any CPU.ActiveCfg = Release|Any CPU
		{BE585CE7-3C60-4429-A697-8B9C53E531FB}.Release|Any CPU.Build.0 = Release|Any CPU
		{3A221E1A-1DFB-4409-AD7C-E5B16348BC22}.Debug|Any CPU.ActiveCfg = Debug|Any CPU
		{3A221E1A-1DFB-4409-AD7C-E5B16348BC22}.Debug|Any CPU.Build.0 = Debug|Any CPU
		{3A221E1A-1DFB-4409-AD7C-E5B16348BC22}.Release|Any CPU.ActiveCfg = Release|Any CPU
		{3A221E1A-1DFB-4409-AD7C-E5B16348BC22}.Release|Any CPU.Build.0 = Release|Any CPU
		{C42E1757-6214-4079-A98C-501D40A39A86}.Debug|Any CPU.ActiveCfg = Debug|Any CPU
		{C42E1757-6214-4079-A98C-501D40A39A86}.Debug|Any CPU.Build.0 = Debug|Any CPU
		{C42E1757-6214-4079-A98C-501D40A39A86}.Release|Any CPU.ActiveCfg = Release|Any CPU
		{C42E1757-6214-4079-A98C-501D40A39A86}.Release|Any CPU.Build.0 = Release|Any CPU
		{F7733386-A0E2-4258-A3E4-217AE47E52DD}.Debug|Any CPU.ActiveCfg = Debug|Any CPU
		{F7733386-A0E2-4258-A3E4-217AE47E52DD}.Debug|Any CPU.Build.0 = Debug|Any CPU
		{F7733386-A0E2-4258-A3E4-217AE47E52DD}.Release|Any CPU.ActiveCfg = Release|Any CPU
		{F7733386-A0E2-4258-A3E4-217AE47E52DD}.Release|Any CPU.Build.0 = Release|Any CPU
		{84EEA0B0-463F-4672-943D-43B669F0FAAC}.Debug|Any CPU.ActiveCfg = Debug|Any CPU
		{84EEA0B0-463F-4672-943D-43B669F0FAAC}.Debug|Any CPU.Build.0 = Debug|Any CPU
		{84EEA0B0-463F-4672-943D-43B669F0FAAC}.Release|Any CPU.ActiveCfg = Release|Any CPU
		{84EEA0B0-463F-4672-943D-43B669F0FAAC}.Release|Any CPU.Build.0 = Release|Any CPU
		{7A6F80EC-EBA6-4552-94AD-9A55F9CBC0E1}.Debug|Any CPU.ActiveCfg = Debug|Any CPU
		{7A6F80EC-EBA6-4552-94AD-9A55F9CBC0E1}.Debug|Any CPU.Build.0 = Debug|Any CPU
		{7A6F80EC-EBA6-4552-94AD-9A55F9CBC0E1}.Release|Any CPU.ActiveCfg = Release|Any CPU
		{7A6F80EC-EBA6-4552-94AD-9A55F9CBC0E1}.Release|Any CPU.Build.0 = Release|Any CPU
		{C118EBDB-1095-46CD-A2B1-127D614C5C7D}.Debug|Any CPU.ActiveCfg = Debug|Any CPU
		{C118EBDB-1095-46CD-A2B1-127D614C5C7D}.Debug|Any CPU.Build.0 = Debug|Any CPU
		{C118EBDB-1095-46CD-A2B1-127D614C5C7D}.Release|Any CPU.ActiveCfg = Release|Any CPU
		{C118EBDB-1095-46CD-A2B1-127D614C5C7D}.Release|Any CPU.Build.0 = Release|Any CPU
		{48FB3ABC-F6DA-48CD-86AA-4854FAB97D5A}.Debug|Any CPU.ActiveCfg = Debug|Any CPU
		{48FB3ABC-F6DA-48CD-86AA-4854FAB97D5A}.Debug|Any CPU.Build.0 = Debug|Any CPU
		{48FB3ABC-F6DA-48CD-86AA-4854FAB97D5A}.Release|Any CPU.ActiveCfg = Release|Any CPU
		{48FB3ABC-F6DA-48CD-86AA-4854FAB97D5A}.Release|Any CPU.Build.0 = Release|Any CPU
		{760FF55E-7C36-4958-A44E-9D7E0FBF23B6}.Debug|Any CPU.ActiveCfg = Debug|Any CPU
		{760FF55E-7C36-4958-A44E-9D7E0FBF23B6}.Debug|Any CPU.Build.0 = Debug|Any CPU
		{760FF55E-7C36-4958-A44E-9D7E0FBF23B6}.Release|Any CPU.ActiveCfg = Release|Any CPU
		{760FF55E-7C36-4958-A44E-9D7E0FBF23B6}.Release|Any CPU.Build.0 = Release|Any CPU
		{5B94DC2D-D72A-4F94-B64C-B1F354C5932C}.Debug|Any CPU.ActiveCfg = Debug|Any CPU
		{5B94DC2D-D72A-4F94-B64C-B1F354C5932C}.Debug|Any CPU.Build.0 = Debug|Any CPU
		{5B94DC2D-D72A-4F94-B64C-B1F354C5932C}.Release|Any CPU.ActiveCfg = Release|Any CPU
		{5B94DC2D-D72A-4F94-B64C-B1F354C5932C}.Release|Any CPU.Build.0 = Release|Any CPU
	EndGlobalSection
	GlobalSection(SolutionProperties) = preSolution
		HideSolutionNode = FALSE
	EndGlobalSection
	GlobalSection(NestedProjects) = preSolution
		{FF5ABD78-BD1C-4445-AC23-6A533BF840E0} = {3177C873-82BA-46F9-9808-43B74B779EA9}
		{BE585CE7-3C60-4429-A697-8B9C53E531FB} = {3177C873-82BA-46F9-9808-43B74B779EA9}
		{C42E1757-6214-4079-A98C-501D40A39A86} = {3177C873-82BA-46F9-9808-43B74B779EA9}
		{F7733386-A0E2-4258-A3E4-217AE47E52DD} = {3177C873-82BA-46F9-9808-43B74B779EA9}
		{7A6F80EC-EBA6-4552-94AD-9A55F9CBC0E1} = {5C8E42A4-A2AE-4D1F-A851-528B5B38A7C4}
		{C118EBDB-1095-46CD-A2B1-127D614C5C7D} = {3177C873-82BA-46F9-9808-43B74B779EA9}
		{48FB3ABC-F6DA-48CD-86AA-4854FAB97D5A} = {3177C873-82BA-46F9-9808-43B74B779EA9}
		{760FF55E-7C36-4958-A44E-9D7E0FBF23B6} = {5C8E42A4-A2AE-4D1F-A851-528B5B38A7C4}
	EndGlobalSection
	GlobalSection(ExtensibilityGlobals) = postSolution
		SolutionGuid = {0297E424-721E-40D4-A9E0-FD08A2B054D1}
	EndGlobalSection
EndGlobal
